
Microsoft Visual Studio Solution File, Format Version 12.00
# Visual Studio Version 17
VisualStudioVersion = 17.11.35303.130
MinimumVisualStudioVersion = 10.0.40219.1
Project("{9A19103F-16F7-4668-BE54-9A1E7A4F7556}") = "ExpertAssessments", "ExpertAssessments\ExpertAssessments.csproj", "{CAF0B185-08E6-49BA-A719-A3CAF46B4F45}"
EndProject
Project("{9A19103F-16F7-4668-BE54-9A1E7A4F7556}") = "CablePenentrant", "CablePenentrant\CablePenentrant.csproj", "{850E27ED-BC4D-480A-923B-035646E42CE9}"
EndProject
Project("{FAE04EC0-301F-11D3-BF4B-00C04F79EFBC}") = "CablePenentrantStatistics", "CablePenentrantStatistics\CablePenentrantStatistics.csproj", "{426E4BA6-393F-4A40-A40B-7F0C5E56DABE}"
EndProject
Global
	GlobalSection(SolutionConfigurationPlatforms) = preSolution
		Debug|Any CPU = Debug|Any CPU
		Release|Any CPU = Release|Any CPU
	EndGlobalSection
	GlobalSection(ProjectConfigurationPlatforms) = postSolution
		{CAF0B185-08E6-49BA-A719-A3CAF46B4F45}.Debug|Any CPU.ActiveCfg = Debug|Any CPU
		{CAF0B185-08E6-49BA-A719-A3CAF46B4F45}.Debug|Any CPU.Build.0 = Debug|Any CPU
		{CAF0B185-08E6-49BA-A719-A3CAF46B4F45}.Release|Any CPU.ActiveCfg = Release|Any CPU
		{CAF0B185-08E6-49BA-A719-A3CAF46B4F45}.Release|Any CPU.Build.0 = Release|Any CPU
		{850E27ED-BC4D-480A-923B-035646E42CE9}.Debug|Any CPU.ActiveCfg = Debug|Any CPU
		{850E27ED-BC4D-480A-923B-035646E42CE9}.Debug|Any CPU.Build.0 = Debug|Any CPU
		{850E27ED-BC4D-480A-923B-035646E42CE9}.Release|Any CPU.ActiveCfg = Release|Any CPU
		{850E27ED-BC4D-480A-923B-035646E42CE9}.Release|Any CPU.Build.0 = Release|Any CPU
		{426E4BA6-393F-4A40-A40B-7F0C5E56DABE}.Debug|Any CPU.ActiveCfg = Debug|Any CPU
		{426E4BA6-393F-4A40-A40B-7F0C5E56DABE}.Debug|Any CPU.Build.0 = Debug|Any CPU
		{426E4BA6-393F-4A40-A40B-7F0C5E56DABE}.Release|Any CPU.ActiveCfg = Release|Any CPU
		{426E4BA6-393F-4A40-A40B-7F0C5E56DABE}.Release|Any CPU.Build.0 = Release|Any CPU
	EndGlobalSection
	GlobalSection(SolutionProperties) = preSolution
		HideSolutionNode = FALSE
	EndGlobalSection
	GlobalSection(ExtensibilityGlobals) = postSolution
		SolutionGuid = {D19CBB99-EB5C-41DF-9526-931A5B312C1F}
	EndGlobalSection
EndGlobal
